
Microsoft Visual Studio Solution File, Format Version 12.00
# Visual Studio Version 16
VisualStudioVersion = 16.0.30523.141
MinimumVisualStudioVersion = 10.0.40219.1
Project("{FAE04EC0-301F-11D3-BF4B-00C04F79EFBC}") = "sem2_6", "sem2_6\sem2_6.csproj", "{8B675901-E9B0-40E1-A80D-AC55FFE339F6}"
EndProject
Global
	GlobalSection(SolutionConfigurationPlatforms) = preSolution
		Debug|Any CPU = Debug|Any CPU
		Release|Any CPU = Release|Any CPU
	EndGlobalSection
	GlobalSection(ProjectConfigurationPlatforms) = postSolution
		{8B675901-E9B0-40E1-A80D-AC55FFE339F6}.Debug|Any CPU.ActiveCfg = Debug|Any CPU
		{8B675901-E9B0-40E1-A80D-AC55FFE339F6}.Debug|Any CPU.Build.0 = Debug|Any CPU
		{8B675901-E9B0-40E1-A80D-AC55FFE339F6}.Release|Any CPU.ActiveCfg = Release|Any CPU
		{8B675901-E9B0-40E1-A80D-AC55FFE339F6}.Release|Any CPU.Build.0 = Release|Any CPU
	EndGlobalSection
	GlobalSection(SolutionProperties) = preSolution
		HideSolutionNode = FALSE
	EndGlobalSection
	GlobalSection(ExtensibilityGlobals) = postSolution
		SolutionGuid = {64F777FA-4B24-445A-A59B-02B9535DD5BA}
	EndGlobalSection
EndGlobal
